github.com/asinyaev/mymath v1.0.1 h1:GROlVNlIzvww7xLvTYCcDd5WO07uBEjosn27KTOYle0=
github.com/asinyaev/mymath v1.0.1/go.mod h1:Hl5BAtT7K53s3dtLrH8fjh0F+XeZhTvU+jI/ltzZW4o=
github.com/asinyaev/mymath/v2 v2.0.1 h1:qcTLRNMpSAspIXWHbGiwNwuqgP05hIANvGmS3J+6694=
github.com/asinyaev/mymath/v2 v2.0.1/go.mod h1:MXoPBUEEDsdoQxPI2/81p37fg9XvxEMtD4CsPRTaIGs=
